// !$*UTF8*$!
{
	archiveVersion = 1;
	classes = {
	};
	objectVersion = 51;
	objects = {

/* Begin PBXBuildFile section */
		AF3F5C4F24BF192E00B1E4A4 /* AppDelegate.swift in Sources */ = {isa = PBXBuildFile; fileRef = AF3F5C4E24BF192E00B1E4A4 /* AppDelegate.swift */; };
		AF3F5C5124BF192E00B1E4A4 /* SceneDelegate.swift in Sources */ = {isa = PBXBuildFile; fileRef = AF3F5C5024BF192E00B1E4A4 /* SceneDelegate.swift */; };
		AF3F5C5624BF192E00B1E4A4 /* Main.storyboard in Resources */ = {isa = PBXBuildFile; fileRef = AF3F5C5424BF192E00B1E4A4 /* Main.storyboard */; };
		AF3F5C5824BF193000B1E4A4 /* Assets.xcassets in Resources */ = {isa = PBXBuildFile; fileRef = AF3F5C5724BF193000B1E4A4 /* Assets.xcassets */; };
		AF3F5C5B24BF193000B1E4A4 /* LaunchScreen.storyboard in Resources */ = {isa = PBXBuildFile; fileRef = AF3F5C5924BF193000B1E4A4 /* LaunchScreen.storyboard */; };
		AF3F5C6624BF2BEE00B1E4A4 /* OneTableViewCell.swift in Sources */ = {isa = PBXBuildFile; fileRef = AF3F5C6524BF2BEE00B1E4A4 /* OneTableViewCell.swift */; };
		AF4B6D92251F834F007727B6 /* CartViewController.swift in Sources */ = {isa = PBXBuildFile; fileRef = AF4B6D91251F834F007727B6 /* CartViewController.swift */; };
		AF4E119D24FE1027004C3BB4 /* ProductListViewController.swift in Sources */ = {isa = PBXBuildFile; fileRef = AF4E119C24FE1027004C3BB4 /* ProductListViewController.swift */; };
		AF4E119F24FE1075004C3BB4 /* ProductListCollectionViewCell.swift in Sources */ = {isa = PBXBuildFile; fileRef = AF4E119E24FE1075004C3BB4 /* ProductListCollectionViewCell.swift */; };
		AF751B572524662D001A549B /* CartTableViewCell.swift in Sources */ = {isa = PBXBuildFile; fileRef = AF751B562524662D001A549B /* CartTableViewCell.swift */; };
		AF751B62252AF422001A549B /* ProductCart.swift in Sources */ = {isa = PBXBuildFile; fileRef = AF751B61252AF422001A549B /* ProductCart.swift */; };
		AF751B74252B49D7001A549B /* RealmManager.swift in Sources */ = {isa = PBXBuildFile; fileRef = AF751B73252B49D7001A549B /* RealmManager.swift */; };
		AF751B84254005A3001A549B /* ImageService.swift in Sources */ = {isa = PBXBuildFile; fileRef = AF751B83254005A3001A549B /* ImageService.swift */; };
		AF97FB2024D7ECDD00310051 /* Category.swift in Sources */ = {isa = PBXBuildFile; fileRef = AF97FB1F24D7ECDD00310051 /* Category.swift */; };
		AF97FB2324D7F40900310051 /* CategoriesLoader.swift in Sources */ = {isa = PBXBuildFile; fileRef = AF97FB2224D7F40900310051 /* CategoriesLoader.swift */; };
		AF97FB2724D952DF00310051 /* CategoryViewController.swift in Sources */ = {isa = PBXBuildFile; fileRef = AF97FB2624D952DF00310051 /* CategoryViewController.swift */; };
		AF9CA733251B1A7500232FEB /* ProductCardViewController.swift in Sources */ = {isa = PBXBuildFile; fileRef = AF9CA732251B1A7500232FEB /* ProductCardViewController.swift */; };
		AFA1878F250D19770019BDE9 /* ItemsLoader.swift in Sources */ = {isa = PBXBuildFile; fileRef = AFA1878E250D19770019BDE9 /* ItemsLoader.swift */; };
		AFA18791250D19F90019BDE9 /* Items.swift in Sources */ = {isa = PBXBuildFile; fileRef = AFA18790250D19F90019BDE9 /* Items.swift */; };
		F755A36601E0E67FEEB66F97 /* Pods_WearShop.framework in Frameworks */ = {isa = PBXBuildFile; fileRef = 1444C30586FC2A92E215665E /* Pods_WearShop.framework */; };
/* End PBXBuildFile section */

/* Begin PBXFileReference section */
		0F9FC7B09F45FA9A98630D29 /* Pods-WearShop.release.xcconfig */ = {isa = PBXFileReference; includeInIndex = 1; lastKnownFileType = text.xcconfig; name = "Pods-WearShop.release.xcconfig"; path = "Target Support Files/Pods-WearShop/Pods-WearShop.release.xcconfig"; sourceTree = "<group>"; };
		1444C30586FC2A92E215665E /* Pods_WearShop.framework */ = {isa = PBXFileReference; explicitFileType = wrapper.framework; includeInIndex = 0; path = Pods_WearShop.framework; sourceTree = BUILT_PRODUCTS_DIR; };
		A222DA56637C53D65792E225 /* Pods-WearShop.debug.xcconfig */ = {isa = PBXFileReference; includeInIndex = 1; lastKnownFileType = text.xcconfig; name = "Pods-WearShop.debug.xcconfig"; path = "Target Support Files/Pods-WearShop/Pods-WearShop.debug.xcconfig"; sourceTree = "<group>"; };
		AF3F5C4B24BF192E00B1E4A4 /* WearShop.app */ = {isa = PBXFileReference; explicitFileType = wrapper.application; includeInIndex = 0; path = WearShop.app; sourceTree = BUILT_PRODUCTS_DIR; };
		AF3F5C4E24BF192E00B1E4A4 /* AppDelegate.swift */ = {isa = PBXFileReference; lastKnownFileType = sourcecode.swift; path = AppDelegate.swift; sourceTree = "<group>"; };
		AF3F5C5024BF192E00B1E4A4 /* SceneDelegate.swift */ = {isa = PBXFileReference; lastKnownFileType = sourcecode.swift; path = SceneDelegate.swift; sourceTree = "<group>"; };
		AF3F5C5524BF192E00B1E4A4 /* Base */ = {isa = PBXFileReference; lastKnownFileType = file.storyboard; name = Base; path = Base.lproj/Main.storyboard; sourceTree = "<group>"; };
		AF3F5C5724BF193000B1E4A4 /* Assets.xcassets */ = {isa = PBXFileReference; lastKnownFileType = folder.assetcatalog; path = Assets.xcassets; sourceTree = "<group>"; };
		AF3F5C5A24BF193000B1E4A4 /* Base */ = {isa = PBXFileReference; lastKnownFileType = file.storyboard; name = Base; path = Base.lproj/LaunchScreen.storyboard; sourceTree = "<group>"; };
		AF3F5C5C24BF193000B1E4A4 /* Info.plist */ = {isa = PBXFileReference; lastKnownFileType = text.plist.xml; path = Info.plist; sourceTree = "<group>"; };
		AF3F5C6524BF2BEE00B1E4A4 /* OneTableViewCell.swift */ = {isa = PBXFileReference; lastKnownFileType = sourcecode.swift; path = OneTableViewCell.swift; sourceTree = "<group>"; };
		AF4B6D91251F834F007727B6 /* CartViewController.swift */ = {isa = PBXFileReference; lastKnownFileType = sourcecode.swift; path = CartViewController.swift; sourceTree = "<group>"; };
		AF4E119C24FE1027004C3BB4 /* ProductListViewController.swift */ = {isa = PBXFileReference; lastKnownFileType = sourcecode.swift; path = ProductListViewController.swift; sourceTree = "<group>"; };
		AF4E119E24FE1075004C3BB4 /* ProductListCollectionViewCell.swift */ = {isa = PBXFileReference; lastKnownFileType = sourcecode.swift; path = ProductListCollectionViewCell.swift; sourceTree = "<group>"; };
		AF751B562524662D001A549B /* CartTableViewCell.swift */ = {isa = PBXFileReference; lastKnownFileType = sourcecode.swift; path = CartTableViewCell.swift; sourceTree = "<group>"; };
		AF751B61252AF422001A549B /* ProductCart.swift */ = {isa = PBXFileReference; lastKnownFileType = sourcecode.swift; path = ProductCart.swift; sourceTree = "<group>"; };
		AF751B73252B49D7001A549B /* RealmManager.swift */ = {isa = PBXFileReference; lastKnownFileType = sourcecode.swift; path = RealmManager.swift; sourceTree = "<group>"; };
		AF751B83254005A3001A549B /* ImageService.swift */ = {isa = PBXFileReference; lastKnownFileType = sourcecode.swift; path = ImageService.swift; sourceTree = "<group>"; };
		AF97FB1F24D7ECDD00310051 /* Category.swift */ = {isa = PBXFileReference; lastKnownFileType = sourcecode.swift; path = Category.swift; sourceTree = "<group>"; };
		AF97FB2224D7F40900310051 /* CategoriesLoader.swift */ = {isa = PBXFileReference; lastKnownFileType = sourcecode.swift; path = CategoriesLoader.swift; sourceTree = "<group>"; };
		AF97FB2624D952DF00310051 /* CategoryViewController.swift */ = {isa = PBXFileReference; lastKnownFileType = sourcecode.swift; path = CategoryViewController.swift; sourceTree = "<group>"; };
		AF9CA732251B1A7500232FEB /* ProductCardViewController.swift */ = {isa = PBXFileReference; lastKnownFileType = sourcecode.swift; path = ProductCardViewController.swift; sourceTree = "<group>"; };
		AFA1878E250D19770019BDE9 /* ItemsLoader.swift */ = {isa = PBXFileReference; lastKnownFileType = sourcecode.swift; path = ItemsLoader.swift; sourceTree = "<group>"; };
		AFA18790250D19F90019BDE9 /* Items.swift */ = {isa = PBXFileReference; lastKnownFileType = sourcecode.swift; path = Items.swift; sourceTree = "<group>"; };
/* End PBXFileReference section */

/* Begin PBXFrameworksBuildPhase section */
		AF3F5C4824BF192E00B1E4A4 /* Frameworks */ = {
			isa = PBXFrameworksBuildPhase;
			buildActionMask = 2147483647;
			files = (
				F755A36601E0E67FEEB66F97 /* Pods_WearShop.framework in Frameworks */,
			);
			runOnlyForDeploymentPostprocessing = 0;
		};
/* End PBXFrameworksBuildPhase section */

/* Begin PBXGroup section */
		6CB2A9AD245DA523FCC58403 /* Frameworks */ = {
			isa = PBXGroup;
			children = (
				1444C30586FC2A92E215665E /* Pods_WearShop.framework */,
			);
			name = Frameworks;
			sourceTree = "<group>";
		};
		AF3F5C4224BF192E00B1E4A4 = {
			isa = PBXGroup;
			children = (
				AF3F5C4D24BF192E00B1E4A4 /* WearShop */,
				AF3F5C4C24BF192E00B1E4A4 /* Products */,
				CD68BE4A364BD001C7A237CE /* Pods */,
				6CB2A9AD245DA523FCC58403 /* Frameworks */,
			);
			sourceTree = "<group>";
		};
		AF3F5C4C24BF192E00B1E4A4 /* Products */ = {
			isa = PBXGroup;
			children = (
				AF3F5C4B24BF192E00B1E4A4 /* WearShop.app */,
			);
			name = Products;
			sourceTree = "<group>";
		};
		AF3F5C4D24BF192E00B1E4A4 /* WearShop */ = {
			isa = PBXGroup;
			children = (
				AF4C0AC724DAB8980005ABED /* Delegates */,
				AF4C0AC824DABF520005ABED /* Storyboards */,
				AF4C0AC924DABFA20005ABED /* Category */,
				AF4E114524DD6791004C3BB4 /* ProductList */,
				AF9CA731251B19E900232FEB /* ProductCard */,
				AF4B6D90251F830B007727B6 /* Cart */,
				AF751B8B2540182A001A549B /* Service */,
				AF3F5C5C24BF193000B1E4A4 /* Info.plist */,
				AF3F5C5724BF193000B1E4A4 /* Assets.xcassets */,
			);
			path = WearShop;
			sourceTree = "<group>";
		};
		AF4B6D90251F830B007727B6 /* Cart */ = {
			isa = PBXGroup;
			children = (
				AF751B61252AF422001A549B /* ProductCart.swift */,
				AF4B6D91251F834F007727B6 /* CartViewController.swift */,
				AF751B562524662D001A549B /* CartTableViewCell.swift */,
				AF751B73252B49D7001A549B /* RealmManager.swift */,
			);
			path = Cart;
			sourceTree = "<group>";
		};
		AF4C0AC724DAB8980005ABED /* Delegates */ = {
			isa = PBXGroup;
			children = (
				AF3F5C5024BF192E00B1E4A4 /* SceneDelegate.swift */,
				AF3F5C4E24BF192E00B1E4A4 /* AppDelegate.swift */,
			);
			path = Delegates;
			sourceTree = "<group>";
		};
		AF4C0AC824DABF520005ABED /* Storyboards */ = {
			isa = PBXGroup;
			children = (
				AF3F5C5424BF192E00B1E4A4 /* Main.storyboard */,
				AF3F5C5924BF193000B1E4A4 /* LaunchScreen.storyboard */,
			);
			path = Storyboards;
			sourceTree = "<group>";
		};
		AF4C0AC924DABFA20005ABED /* Category */ = {
			isa = PBXGroup;
			children = (
				AF97FB1F24D7ECDD00310051 /* Category.swift */,
				AF97FB2624D952DF00310051 /* CategoryViewController.swift */,
				AF3F5C6524BF2BEE00B1E4A4 /* OneTableViewCell.swift */,
				AF97FB2224D7F40900310051 /* CategoriesLoader.swift */,
			);
			path = Category;
			sourceTree = "<group>";
		};
		AF4E114524DD6791004C3BB4 /* ProductList */ = {
			isa = PBXGroup;
			children = (
				AF4E119C24FE1027004C3BB4 /* ProductListViewController.swift */,
				AF4E119E24FE1075004C3BB4 /* ProductListCollectionViewCell.swift */,
				AFA1878E250D19770019BDE9 /* ItemsLoader.swift */,
				AFA18790250D19F90019BDE9 /* Items.swift */,
			);
			path = ProductList;
			sourceTree = "<group>";
		};
		AF751B8B2540182A001A549B /* Service */ = {
			isa = PBXGroup;
			children = (
				AF751B83254005A3001A549B /* ImageService.swift */,
			);
			path = Service;
			sourceTree = "<group>";
		};
		AF9CA731251B19E900232FEB /* ProductCard */ = {
			isa = PBXGroup;
			children = (
				AF9CA732251B1A7500232FEB /* ProductCardViewController.swift */,
			);
			path = ProductCard;
			sourceTree = "<group>";
		};
		CD68BE4A364BD001C7A237CE /* Pods */ = {
			isa = PBXGroup;
			children = (
				A222DA56637C53D65792E225 /* Pods-WearShop.debug.xcconfig */,
				0F9FC7B09F45FA9A98630D29 /* Pods-WearShop.release.xcconfig */,
			);
			path = Pods;
			sourceTree = "<group>";
		};
/* End PBXGroup section */

/* Begin PBXNativeTarget section */
		AF3F5C4A24BF192E00B1E4A4 /* WearShop */ = {
			isa = PBXNativeTarget;
			buildConfigurationList = AF3F5C5F24BF193000B1E4A4 /* Build configuration list for PBXNativeTarget "WearShop" */;
			buildPhases = (
				0E17494FCE0F0F128EE8C992 /* [CP] Check Pods Manifest.lock */,
				AF3F5C4724BF192E00B1E4A4 /* Sources */,
				AF3F5C4824BF192E00B1E4A4 /* Frameworks */,
				AF3F5C4924BF192E00B1E4A4 /* Resources */,
				52B3F87D575AB0D94BA193BA /* [CP] Embed Pods Frameworks */,
			);
			buildRules = (
			);
			dependencies = (
			);
			name = WearShop;
			productName = WearShop;
			productReference = AF3F5C4B24BF192E00B1E4A4 /* WearShop.app */;
			productType = "com.apple.product-type.application";
		};
/* End PBXNativeTarget section */

/* Begin PBXProject section */
		AF3F5C4324BF192E00B1E4A4 /* Project object */ = {
			isa = PBXProject;
			attributes = {
				LastSwiftUpdateCheck = 1150;
				LastUpgradeCheck = 1150;
				ORGANIZATIONNAME = "Роман далинкевич";
				TargetAttributes = {
					AF3F5C4A24BF192E00B1E4A4 = {
						CreatedOnToolsVersion = 11.5;
					};
				};
			};
			buildConfigurationList = AF3F5C4624BF192E00B1E4A4 /* Build configuration list for PBXProject "WearShop" */;
			compatibilityVersion = "Xcode 9.3";
			developmentRegion = en;
			hasScannedForEncodings = 0;
			knownRegions = (
				en,
				Base,
			);
			mainGroup = AF3F5C4224BF192E00B1E4A4;
			productRefGroup = AF3F5C4C24BF192E00B1E4A4 /* Products */;
			projectDirPath = "";
			projectRoot = "";
			targets = (
				AF3F5C4A24BF192E00B1E4A4 /* WearShop */,
			);
		};
/* End PBXProject section */

/* Begin PBXResourcesBuildPhase section */
		AF3F5C4924BF192E00B1E4A4 /* Resources */ = {
			isa = PBXResourcesBuildPhase;
			buildActionMask = 2147483647;
			files = (
				AF3F5C5B24BF193000B1E4A4 /* LaunchScreen.storyboard in Resources */,
				AF3F5C5824BF193000B1E4A4 /* Assets.xcassets in Resources */,
				AF3F5C5624BF192E00B1E4A4 /* Main.storyboard in Resources */,
			);
			runOnlyForDeploymentPostprocessing = 0;
		};
/* End PBXResourcesBuildPhase section */

/* Begin PBXShellScriptBuildPhase section */
		0E17494FCE0F0F128EE8C992 /* [CP] Check Pods Manifest.lock */ = {
			isa = PBXShellScriptBuildPhase;
			buildActionMask = 2147483647;
			files = (
			);
			inputFileListPaths = (
			);
			inputPaths = (
				"${PODS_PODFILE_DIR_PATH}/Podfile.lock",
				"${PODS_ROOT}/Manifest.lock",
			);
			name = "[CP] Check Pods Manifest.lock";
			outputFileListPaths = (
			);
			outputPaths = (
				"$(DERIVED_FILE_DIR)/Pods-WearShop-checkManifestLockResult.txt",
			);
			runOnlyForDeploymentPostprocessing = 0;
			shellPath = /bin/sh;
			shellScript = "diff \"${PODS_PODFILE_DIR_PATH}/Podfile.lock\" \"${PODS_ROOT}/Manifest.lock\" > /dev/null\nif [ $? != 0 ] ; then\n    # print error to STDERR\n    echo \"error: The sandbox is not in sync with the Podfile.lock. Run 'pod install' or update your CocoaPods installation.\" >&2\n    exit 1\nfi\n# This output is used by Xcode 'outputs' to avoid re-running this script phase.\necho \"SUCCESS\" > \"${SCRIPT_OUTPUT_FILE_0}\"\n";
			showEnvVarsInLog = 0;
		};
		52B3F87D575AB0D94BA193BA /* [CP] Embed Pods Frameworks */ = {
			isa = PBXShellScriptBuildPhase;
			buildActionMask = 2147483647;
			files = (
			);
			inputFileListPaths = (
				"${PODS_ROOT}/Target Support Files/Pods-WearShop/Pods-WearShop-frameworks-${CONFIGURATION}-input-files.xcfilelist",
			);
			name = "[CP] Embed Pods Frameworks";
			outputFileListPaths = (
				"${PODS_ROOT}/Target Support Files/Pods-WearShop/Pods-WearShop-frameworks-${CONFIGURATION}-output-files.xcfilelist",
			);
			runOnlyForDeploymentPostprocessing = 0;
			shellPath = /bin/sh;
			shellScript = "\"${PODS_ROOT}/Target Support Files/Pods-WearShop/Pods-WearShop-frameworks.sh\"\n";
			showEnvVarsInLog = 0;
		};
/* End PBXShellScriptBuildPhase section */

/* Begin PBXSourcesBuildPhase section */
		AF3F5C4724BF192E00B1E4A4 /* Sources */ = {
			isa = PBXSourcesBuildPhase;
			buildActionMask = 2147483647;
			files = (
				AF3F5C4F24BF192E00B1E4A4 /* AppDelegate.swift in Sources */,
				AF751B84254005A3001A549B /* ImageService.swift in Sources */,
				AF97FB2724D952DF00310051 /* CategoryViewController.swift in Sources */,
				AF751B74252B49D7001A549B /* RealmManager.swift in Sources */,
				AF9CA733251B1A7500232FEB /* ProductCardViewController.swift in Sources */,
				AFA1878F250D19770019BDE9 /* ItemsLoader.swift in Sources */,
				AF4E119F24FE1075004C3BB4 /* ProductListCollectionViewCell.swift in Sources */,
				AF4E119D24FE1027004C3BB4 /* ProductListViewController.swift in Sources */,
				AF4B6D92251F834F007727B6 /* CartViewController.swift in Sources */,
				AF3F5C6624BF2BEE00B1E4A4 /* OneTableViewCell.swift in Sources */,
				AFA18791250D19F90019BDE9 /* Items.swift in Sources */,
				AF751B62252AF422001A549B /* ProductCart.swift in Sources */,
				AF751B572524662D001A549B /* CartTableViewCell.swift in Sources */,
				AF97FB2024D7ECDD00310051 /* Category.swift in Sources */,
				AF3F5C5124BF192E00B1E4A4 /* SceneDelegate.swift in Sources */,
				AF97FB2324D7F40900310051 /* CategoriesLoader.swift in Sources */,
			);
			runOnlyForDeploymentPostprocessing = 0;
		};
/* End PBXSourcesBuildPhase section */

/* Begin PBXVariantGroup section */
		AF3F5C5424BF192E00B1E4A4 /* Main.storyboard */ = {
			isa = PBXVariantGroup;
			children = (
				AF3F5C5524BF192E00B1E4A4 /* Base */,
			);
			name = Main.storyboard;
			sourceTree = "<group>";
		};
		AF3F5C5924BF193000B1E4A4 /* LaunchScreen.storyboard */ = {
			isa = PBXVariantGroup;
			children = (
				AF3F5C5A24BF193000B1E4A4 /* Base */,
			);
			name = LaunchScreen.storyboard;
			sourceTree = "<group>";
		};
/* End PBXVariantGroup section */

/* Begin XCBuildConfiguration section */
		AF3F5C5D24BF193000B1E4A4 /* Debug */ = {
			isa = XCBuildConfiguration;
			buildSettings = {
				ALWAYS_SEARCH_USER_PATHS = NO;
				CLANG_ANALYZER_NONNULL = YES;
				CLANG_ANALYZER_NUMBER_OBJECT_CONVERSION = YES_AGGRESSIVE;
				CLANG_CXX_LANGUAGE_STANDARD = "gnu++14";
				CLANG_CXX_LIBRARY = "libc++";
				CLANG_ENABLE_MODULES = YES;
				CLANG_ENABLE_OBJC_ARC = YES;
				CLANG_ENABLE_OBJC_WEAK = YES;
				CLANG_WARN_BLOCK_CAPTURE_AUTORELEASING = YES;
				CLANG_WARN_BOOL_CONVERSION = YES;
				CLANG_WARN_COMMA = YES;
				CLANG_WARN_CONSTANT_CONVERSION = YES;
				CLANG_WARN_DEPRECATED_OBJC_IMPLEMENTATIONS = YES;
				CLANG_WARN_DIRECT_OBJC_ISA_USAGE = YES_ERROR;
				CLANG_WARN_DOCUMENTATION_COMMENTS = YES;
				CLANG_WARN_EMPTY_BODY = YES;
				CLANG_WARN_ENUM_CONVERSION = YES;
				CLANG_WARN_INFINITE_RECURSION = YES;
				CLANG_WARN_INT_CONVERSION = YES;
				CLANG_WARN_NON_LITERAL_NULL_CONVERSION = YES;
				CLANG_WARN_OBJC_IMPLICIT_RETAIN_SELF = YES;
				CLANG_WARN_OBJC_LITERAL_CONVERSION = YES;
				CLANG_WARN_OBJC_ROOT_CLASS = YES_ERROR;
				CLANG_WARN_RANGE_LOOP_ANALYSIS = YES;
				CLANG_WARN_STRICT_PROTOTYPES = YES;
				CLANG_WARN_SUSPICIOUS_MOVE = YES;
				CLANG_WARN_UNGUARDED_AVAILABILITY = YES_AGGRESSIVE;
				CLANG_WARN_UNREACHABLE_CODE = YES;
				CLANG_WARN__DUPLICATE_METHOD_MATCH = YES;
				COPY_PHASE_STRIP = NO;
				DEBUG_INFORMATION_FORMAT = dwarf;
				ENABLE_STRICT_OBJC_MSGSEND = YES;
				ENABLE_TESTABILITY = YES;
				GCC_C_LANGUAGE_STANDARD = gnu11;
				GCC_DYNAMIC_NO_PIC = NO;
				GCC_NO_COMMON_BLOCKS = YES;
				GCC_OPTIMIZATION_LEVEL = 0;
				GCC_PREPROCESSOR_DEFINITIONS = (
					"DEBUG=1",
					"$(inherited)",
				);
				GCC_WARN_64_TO_32_BIT_CONVERSION = YES;
				GCC_WARN_ABOUT_RETURN_TYPE = YES_ERROR;
				GCC_WARN_UNDECLARED_SELECTOR = YES;
				GCC_WARN_UNINITIALIZED_AUTOS = YES_AGGRESSIVE;
				GCC_WARN_UNUSED_FUNCTION = YES;
				GCC_WARN_UNUSED_VARIABLE = YES;
				IPHONEOS_DEPLOYMENT_TARGET = 13.5;
				MTL_ENABLE_DEBUG_INFO = INCLUDE_SOURCE;
				MTL_FAST_MATH = YES;
				ONLY_ACTIVE_ARCH = YES;
				SDKROOT = iphoneos;
				SWIFT_ACTIVE_COMPILATION_CONDITIONS = DEBUG;
				SWIFT_OPTIMIZATION_LEVEL = "-Onone";
			};
			name = Debug;
		};
		AF3F5C5E24BF193000B1E4A4 /* Release */ = {
			isa = XCBuildConfiguration;
			buildSettings = {
				ALWAYS_SEARCH_USER_PATHS = NO;
				CLANG_ANALYZER_NONNULL = YES;
				CLANG_ANALYZER_NUMBER_OBJECT_CONVERSION = YES_AGGRESSIVE;
				CLANG_CXX_LANGUAGE_STANDARD = "gnu++14";
				CLANG_CXX_LIBRARY = "libc++";
				CLANG_ENABLE_MODULES = YES;
				CLANG_ENABLE_OBJC_ARC = YES;
				CLANG_ENABLE_OBJC_WEAK = YES;
				CLANG_WARN_BLOCK_CAPTURE_AUTORELEASING = YES;
				CLANG_WARN_BOOL_CONVERSION = YES;
				CLANG_WARN_COMMA = YES;
				CLANG_WARN_CONSTANT_CONVERSION = YES;
				CLANG_WARN_DEPRECATED_OBJC_IMPLEMENTATIONS = YES;
				CLANG_WARN_DIRECT_OBJC_ISA_USAGE = YES_ERROR;
				CLANG_WARN_DOCUMENTATION_COMMENTS = YES;
				CLANG_WARN_EMPTY_BODY = YES;
				CLANG_WARN_ENUM_CONVERSION = YES;
				CLANG_WARN_INFINITE_RECURSION = YES;
				CLANG_WARN_INT_CONVERSION = YES;
				CLANG_WARN_NON_LITERAL_NULL_CONVERSION = YES;
				CLANG_WARN_OBJC_IMPLICIT_RETAIN_SELF = YES;
				CLANG_WARN_OBJC_LITERAL_CONVERSION = YES;
				CLANG_WARN_OBJC_ROOT_CLASS = YES_ERROR;
				CLANG_WARN_RANGE_LOOP_ANALYSIS = YES;
				CLANG_WARN_STRICT_PROTOTYPES = YES;
				CLANG_WARN_SUSPICIOUS_MOVE = YES;
				CLANG_WARN_UNGUARDED_AVAILABILITY = YES_AGGRESSIVE;
				CLANG_WARN_UNREACHABLE_CODE = YES;
				CLANG_WARN__DUPLICATE_METHOD_MATCH = YES;
				COPY_PHASE_STRIP = NO;
				DEBUG_INFORMATION_FORMAT = "dwarf-with-dsym";
				ENABLE_NS_ASSERTIONS = NO;
				ENABLE_STRICT_OBJC_MSGSEND = YES;
				GCC_C_LANGUAGE_STANDARD = gnu11;
				GCC_NO_COMMON_BLOCKS = YES;
				GCC_WARN_64_TO_32_BIT_CONVERSION = YES;
				GCC_WARN_ABOUT_RETURN_TYPE = YES_ERROR;
				GCC_WARN_UNDECLARED_SELECTOR = YES;
				GCC_WARN_UNINITIALIZED_AUTOS = YES_AGGRESSIVE;
				GCC_WARN_UNUSED_FUNCTION = YES;
				GCC_WARN_UNUSED_VARIABLE = YES;
				IPHONEOS_DEPLOYMENT_TARGET = 13.5;
				MTL_ENABLE_DEBUG_INFO = NO;
				MTL_FAST_MATH = YES;
				SDKROOT = iphoneos;
				SWIFT_COMPILATION_MODE = wholemodule;
				SWIFT_OPTIMIZATION_LEVEL = "-O";
				VALIDATE_PRODUCT = YES;
			};
			name = Release;
		};
		AF3F5C6024BF193000B1E4A4 /* Debug */ = {
			isa = XCBuildConfiguration;
			baseConfigurationReference = A222DA56637C53D65792E225 /* Pods-WearShop.debug.xcconfig */;
			buildSettings = {
				ASSETCATALOG_COMPILER_APPICON_NAME = AppIcon;
				CODE_SIGN_STYLE = Automatic;
				INFOPLIST_FILE = WearShop/Info.plist;
				LD_RUNPATH_SEARCH_PATHS = (
					"$(inherited)",
					"@executable_path/Frameworks",
				);
				PRODUCT_BUNDLE_IDENTIFIER = skillbox.WearShop;
				PRODUCT_NAME = "$(TARGET_NAME)";
				SWIFT_VERSION = 5.0;
				TARGETED_DEVICE_FAMILY = "1,2";
			};
			name = Debug;
		};
		AF3F5C6124BF193000B1E4A4 /* Release */ = {
			isa = XCBuildConfiguration;
			baseConfigurationReference = 0F9FC7B09F45FA9A98630D29 /* Pods-WearShop.release.xcconfig */;
			buildSettings = {
				ASSETCATALOG_COMPILER_APPICON_NAME = AppIcon;
				CODE_SIGN_STYLE = Automatic;
				INFOPLIST_FILE = WearShop/Info.plist;
				LD_RUNPATH_SEARCH_PATHS = (
					"$(inherited)",
					"@executable_path/Frameworks",
				);
				PRODUCT_BUNDLE_IDENTIFIER = skillbox.WearShop;
				PRODUCT_NAME = "$(TARGET_NAME)";
				SWIFT_VERSION = 5.0;
				TARGETED_DEVICE_FAMILY = "1,2";
			};
			name = Release;
		};
/* End XCBuildConfiguration section */

/* Begin XCConfigurationList section */
		AF3F5C4624BF192E00B1E4A4 /* Build configuration list for PBXProject "WearShop" */ = {
			isa = XCConfigurationList;
			buildConfigurations = (
				AF3F5C5D24BF193000B1E4A4 /* Debug */,
				AF3F5C5E24BF193000B1E4A4 /* Release */,
			);
			defaultConfigurationIsVisible = 0;
			defaultConfigurationName = Release;
		};
		AF3F5C5F24BF193000B1E4A4 /* Build configuration list for PBXNativeTarget "WearShop" */ = {
			isa = XCConfigurationList;
			buildConfigurations = (
				AF3F5C6024BF193000B1E4A4 /* Debug */,
				AF3F5C6124BF193000B1E4A4 /* Release */,
			);
			defaultConfigurationIsVisible = 0;
			defaultConfigurationName = Release;
		};
/* End XCConfigurationList section */
	};
	rootObject = AF3F5C4324BF192E00B1E4A4 /* Project object */;
}
